// !$*UTF8*$!
{
	archiveVersion = 1;
	classes = {
	};
	objectVersion = 46;
	objects = {

/* Begin PBXBuildFile section */
		2028937B1E77117A006D3F23 /* AppDelegate.swift in Sources */ = {isa = PBXBuildFile; fileRef = 2028937A1E77117A006D3F23 /* AppDelegate.swift */; };
		2028937D1E77117A006D3F23 /* ViewController.swift in Sources */ = {isa = PBXBuildFile; fileRef = 2028937C1E77117A006D3F23 /* ViewController.swift */; };
		202893801E77117A006D3F23 /* Main.storyboard in Resources */ = {isa = PBXBuildFile; fileRef = 2028937E1E77117A006D3F23 /* Main.storyboard */; };
		202893831E77117A006D3F23 /* avassetReader.xcdatamodeld in Sources */ = {isa = PBXBuildFile; fileRef = 202893811E77117A006D3F23 /* avassetReader.xcdatamodeld */; };
		202893851E77117A006D3F23 /* Assets.xcassets in Resources */ = {isa = PBXBuildFile; fileRef = 202893841E77117A006D3F23 /* Assets.xcassets */; };
		202893881E77117A006D3F23 /* LaunchScreen.storyboard in Resources */ = {isa = PBXBuildFile; fileRef = 202893861E77117A006D3F23 /* LaunchScreen.storyboard */; };
		202893931E77117A006D3F23 /* avassetReaderTests.swift in Sources */ = {isa = PBXBuildFile; fileRef = 202893921E77117A006D3F23 /* avassetReaderTests.swift */; };
		2028939E1E77117A006D3F23 /* avassetReaderUITests.swift in Sources */ = {isa = PBXBuildFile; fileRef = 2028939D1E77117A006D3F23 /* avassetReaderUITests.swift */; };
		202893AE1E771522006D3F23 /* piano.caf in Resources */ = {isa = PBXBuildFile; fileRef = 202893AD1E771522006D3F23 /* piano.caf */; };
		202893B01E77176E006D3F23 /* sample2.m4a in Resources */ = {isa = PBXBuildFile; fileRef = 202893AF1E77176E006D3F23 /* sample2.m4a */; };
		202893B31E771980006D3F23 /* drawWaveform.swift in Sources */ = {isa = PBXBuildFile; fileRef = 202893B21E771980006D3F23 /* drawWaveform.swift */; };
/* End PBXBuildFile section */

/* Begin PBXContainerItemProxy section */
		2028938F1E77117A006D3F23 /* PBXContainerItemProxy */ = {
			isa = PBXContainerItemProxy;
			containerPortal = 2028936F1E77117A006D3F23 /* Project object */;
			proxyType = 1;
			remoteGlobalIDString = 202893761E77117A006D3F23;
			remoteInfo = avassetReader;
		};
		2028939A1E77117A006D3F23 /* PBXContainerItemProxy */ = {
			isa = PBXContainerItemProxy;
			containerPortal = 2028936F1E77117A006D3F23 /* Project object */;
			proxyType = 1;
			remoteGlobalIDString = 202893761E77117A006D3F23;
			remoteInfo = avassetReader;
		};
/* End PBXContainerItemProxy section */

/* Begin PBXFileReference section */
		202893771E77117A006D3F23 /* avassetReader.app */ = {isa = PBXFileReference; explicitFileType = wrapper.application; includeInIndex = 0; path = avassetReader.app; sourceTree = BUILT_PRODUCTS_DIR; };
		2028937A1E77117A006D3F23 /* AppDelegate.swift */ = {isa = PBXFileReference; lastKnownFileType = sourcecode.swift; path = AppDelegate.swift; sourceTree = "<group>"; };
		2028937C1E77117A006D3F23 /* ViewController.swift */ = {isa = PBXFileReference; lastKnownFileType = sourcecode.swift; path = ViewController.swift; sourceTree = "<group>"; };
		2028937F1E77117A006D3F23 /* Base */ = {isa = PBXFileReference; lastKnownFileType = file.storyboard; name = Base; path = Base.lproj/Main.storyboard; sourceTree = "<group>"; };
		202893821E77117A006D3F23 /* avassetReader.xcdatamodel */ = {isa = PBXFileReference; lastKnownFileType = wrapper.xcdatamodel; path = avassetReader.xcdatamodel; sourceTree = "<group>"; };
		202893841E77117A006D3F23 /* Assets.xcassets */ = {isa = PBXFileReference; lastKnownFileType = folder.assetcatalog; path = Assets.xcassets; sourceTree = "<group>"; };
		202893871E77117A006D3F23 /* Base */ = {isa = PBXFileReference; lastKnownFileType = file.storyboard; name = Base; path = Base.lproj/LaunchScreen.storyboard; sourceTree = "<group>"; };
		202893891E77117A006D3F23 /* Info.plist */ = {isa = PBXFileReference; lastKnownFileType = text.plist.xml; path = Info.plist; sourceTree = "<group>"; };
		2028938E1E77117A006D3F23 /* avassetReaderTests.xctest */ = {isa = PBXFileReference; explicitFileType = wrapper.cfbundle; includeInIndex = 0; path = avassetReaderTests.xctest; sourceTree = BUILT_PRODUCTS_DIR; };
		202893921E77117A006D3F23 /* avassetReaderTests.swift */ = {isa = PBXFileReference; lastKnownFileType = sourcecode.swift; path = avassetReaderTests.swift; sourceTree = "<group>"; };
		202893941E77117A006D3F23 /* Info.plist */ = {isa = PBXFileReference; lastKnownFileType = text.plist.xml; path = Info.plist; sourceTree = "<group>"; };
		202893991E77117A006D3F23 /* avassetReaderUITests.xctest */ = {isa = PBXFileReference; explicitFileType = wrapper.cfbundle; includeInIndex = 0; path = avassetReaderUITests.xctest; sourceTree = BUILT_PRODUCTS_DIR; };
		2028939D1E77117A006D3F23 /* avassetReaderUITests.swift */ = {isa = PBXFileReference; lastKnownFileType = sourcecode.swift; path = avassetReaderUITests.swift; sourceTree = "<group>"; };
		2028939F1E77117A006D3F23 /* Info.plist */ = {isa = PBXFileReference; lastKnownFileType = text.plist.xml; path = Info.plist; sourceTree = "<group>"; };
		202893AD1E771522006D3F23 /* piano.caf */ = {isa = PBXFileReference; lastKnownFileType = file; path = piano.caf; sourceTree = "<group>"; };
		202893AF1E77176E006D3F23 /* sample2.m4a */ = {isa = PBXFileReference; lastKnownFileType = file; path = sample2.m4a; sourceTree = "<group>"; };
		202893B21E771980006D3F23 /* drawWaveform.swift */ = {isa = PBXFileReference; fileEncoding = 4; lastKnownFileType = sourcecode.swift; path = drawWaveform.swift; sourceTree = "<group>"; };
/* End PBXFileReference section */

/* Begin PBXFrameworksBuildPhase section */
		202893741E77117A006D3F23 /* Frameworks */ = {
			isa = PBXFrameworksBuildPhase;
			buildActionMask = 2147483647;
			files = (
			);
			runOnlyForDeploymentPostprocessing = 0;
		};
		2028938B1E77117A006D3F23 /* Frameworks */ = {
			isa = PBXFrameworksBuildPhase;
			buildActionMask = 2147483647;
			files = (
			);
			runOnlyForDeploymentPostprocessing = 0;
		};
		202893961E77117A006D3F23 /* Frameworks */ = {
			isa = PBXFrameworksBuildPhase;
			buildActionMask = 2147483647;
			files = (
			);
			runOnlyForDeploymentPostprocessing = 0;
		};
/* End PBXFrameworksBuildPhase section */

/* Begin PBXGroup section */
		2028936E1E77117A006D3F23 = {
			isa = PBXGroup;
			children = (
				202893791E77117A006D3F23 /* avassetReader */,
				202893911E77117A006D3F23 /* avassetReaderTests */,
				2028939C1E77117A006D3F23 /* avassetReaderUITests */,
				202893781E77117A006D3F23 /* Products */,
			);
			sourceTree = "<group>";
		};
		202893781E77117A006D3F23 /* Products */ = {
			isa = PBXGroup;
			children = (
				202893771E77117A006D3F23 /* avassetReader.app */,
				2028938E1E77117A006D3F23 /* avassetReaderTests.xctest */,
				202893991E77117A006D3F23 /* avassetReaderUITests.xctest */,
			);
			name = Products;
			sourceTree = "<group>";
		};
		202893791E77117A006D3F23 /* avassetReader */ = {
			isa = PBXGroup;
			children = (
				202893AF1E77176E006D3F23 /* sample2.m4a */,
				2028937A1E77117A006D3F23 /* AppDelegate.swift */,
				2028937C1E77117A006D3F23 /* ViewController.swift */,
				202893AD1E771522006D3F23 /* piano.caf */,
				2028937E1E77117A006D3F23 /* Main.storyboard */,
				202893B21E771980006D3F23 /* drawWaveform.swift */,
				202893841E77117A006D3F23 /* Assets.xcassets */,
				202893861E77117A006D3F23 /* LaunchScreen.storyboard */,
				202893891E77117A006D3F23 /* Info.plist */,
				202893811E77117A006D3F23 /* avassetReader.xcdatamodeld */,
			);
			path = avassetReader;
			sourceTree = "<group>";
		};
		202893911E77117A006D3F23 /* avassetReaderTests */ = {
			isa = PBXGroup;
			children = (
				202893921E77117A006D3F23 /* avassetReaderTests.swift */,
				202893941E77117A006D3F23 /* Info.plist */,
			);
			path = avassetReaderTests;
			sourceTree = "<group>";
		};
		2028939C1E77117A006D3F23 /* avassetReaderUITests */ = {
			isa = PBXGroup;
			children = (
				2028939D1E77117A006D3F23 /* avassetReaderUITests.swift */,
				2028939F1E77117A006D3F23 /* Info.plist */,
			);
			path = avassetReaderUITests;
			sourceTree = "<group>";
		};
/* End PBXGroup section */

/* Begin PBXNativeTarget section */
		202893761E77117A006D3F23 /* avassetReader */ = {
			isa = PBXNativeTarget;
			buildConfigurationList = 202893A21E77117A006D3F23 /* Build configuration list for PBXNativeTarget "avassetReader" */;
			buildPhases = (
				202893731E77117A006D3F23 /* Sources */,
				202893741E77117A006D3F23 /* Frameworks */,
				202893751E77117A006D3F23 /* Resources */,
			);
			buildRules = (
			);
			dependencies = (
			);
			name = avassetReader;
			productName = avassetReader;
			productReference = 202893771E77117A006D3F23 /* avassetReader.app */;
			productType = "com.apple.product-type.application";
		};
		2028938D1E77117A006D3F23 /* avassetReaderTests */ = {
			isa = PBXNativeTarget;
			buildConfigurationList = 202893A51E77117A006D3F23 /* Build configuration list for PBXNativeTarget "avassetReaderTests" */;
			buildPhases = (
				2028938A1E77117A006D3F23 /* Sources */,
				2028938B1E77117A006D3F23 /* Frameworks */,
				2028938C1E77117A006D3F23 /* Resources */,
			);
			buildRules = (
			);
			dependencies = (
				202893901E77117A006D3F23 /* PBXTargetDependency */,
			);
			name = avassetReaderTests;
			productName = avassetReaderTests;
			productReference = 2028938E1E77117A006D3F23 /* avassetReaderTests.xctest */;
			productType = "com.apple.product-type.bundle.unit-test";
		};
		202893981E77117A006D3F23 /* avassetReaderUITests */ = {
			isa = PBXNativeTarget;
			buildConfigurationList = 202893A81E77117A006D3F23 /* Build configuration list for PBXNativeTarget "avassetReaderUITests" */;
			buildPhases = (
				202893951E77117A006D3F23 /* Sources */,
				202893961E77117A006D3F23 /* Frameworks */,
				202893971E77117A006D3F23 /* Resources */,
			);
			buildRules = (
			);
			dependencies = (
				2028939B1E77117A006D3F23 /* PBXTargetDependency */,
			);
			name = avassetReaderUITests;
			productName = avassetReaderUITests;
			productReference = 202893991E77117A006D3F23 /* avassetReaderUITests.xctest */;
			productType = "com.apple.product-type.bundle.ui-testing";
		};
/* End PBXNativeTarget section */

/* Begin PBXProject section */
		2028936F1E77117A006D3F23 /* Project object */ = {
			isa = PBXProject;
			attributes = {
				LastSwiftUpdateCheck = 0820;
				LastUpgradeCheck = 0820;
				ORGANIZATIONNAME = miguelDSP;
				TargetAttributes = {
					202893761E77117A006D3F23 = {
						CreatedOnToolsVersion = 8.2.1;
						DevelopmentTeam = 3YT75377LX;
						ProvisioningStyle = Automatic;
					};
					2028938D1E77117A006D3F23 = {
						CreatedOnToolsVersion = 8.2.1;
						DevelopmentTeam = 3YT75377LX;
						ProvisioningStyle = Automatic;
						TestTargetID = 202893761E77117A006D3F23;
					};
					202893981E77117A006D3F23 = {
						CreatedOnToolsVersion = 8.2.1;
						DevelopmentTeam = 3YT75377LX;
						ProvisioningStyle = Automatic;
						TestTargetID = 202893761E77117A006D3F23;
					};
				};
			};
			buildConfigurationList = 202893721E77117A006D3F23 /* Build configuration list for PBXProject "avassetReader" */;
			compatibilityVersion = "Xcode 3.2";
			developmentRegion = English;
			hasScannedForEncodings = 0;
			knownRegions = (
				en,
				Base,
			);
			mainGroup = 2028936E1E77117A006D3F23;
			productRefGroup = 202893781E77117A006D3F23 /* Products */;
			projectDirPath = "";
			projectRoot = "";
			targets = (
				202893761E77117A006D3F23 /* avassetReader */,
				2028938D1E77117A006D3F23 /* avassetReaderTests */,
				202893981E77117A006D3F23 /* avassetReaderUITests */,
			);
		};
/* End PBXProject section */

/* Begin PBXResourcesBuildPhase section */
		202893751E77117A006D3F23 /* Resources */ = {
			isa = PBXResourcesBuildPhase;
			buildActionMask = 2147483647;
			files = (
				202893AE1E771522006D3F23 /* piano.caf in Resources */,
				202893B01E77176E006D3F23 /* sample2.m4a in Resources */,
				202893881E77117A006D3F23 /* LaunchScreen.storyboard in Resources */,
				202893851E77117A006D3F23 /* Assets.xcassets in Resources */,
				202893801E77117A006D3F23 /* Main.storyboard in Resources */,
			);
			runOnlyForDeploymentPostprocessing = 0;
		};
		2028938C1E77117A006D3F23 /* Resources */ = {
			isa = PBXResourcesBuildPhase;
			buildActionMask = 2147483647;
			files = (
			);
			runOnlyForDeploymentPostprocessing = 0;
		};
		202893971E77117A006D3F23 /* Resources */ = {
			isa = PBXResourcesBuildPhase;
			buildActionMask = 2147483647;
			files = (
			);
			runOnlyForDeploymentPostprocessing = 0;
		};
/* End PBXResourcesBuildPhase section */

/* Begin PBXSourcesBuildPhase section */
		202893731E77117A006D3F23 /* Sources */ = {
			isa = PBXSourcesBuildPhase;
			buildActionMask = 2147483647;
			files = (
				2028937D1E77117A006D3F23 /* ViewController.swift in Sources */,
				2028937B1E77117A006D3F23 /* AppDelegate.swift in Sources */,
				202893B31E771980006D3F23 /* drawWaveform.swift in Sources */,
				202893831E77117A006D3F23 /* avassetReader.xcdatamodeld in Sources */,
			);
			runOnlyForDeploymentPostprocessing = 0;
		};
		2028938A1E77117A006D3F23 /* Sources */ = {
			isa = PBXSourcesBuildPhase;
			buildActionMask = 2147483647;
			files = (
				202893931E77117A006D3F23 /* avassetReaderTests.swift in Sources */,
			);
			runOnlyForDeploymentPostprocessing = 0;
		};
		202893951E77117A006D3F23 /* Sources */ = {
			isa = PBXSourcesBuildPhase;
			buildActionMask = 2147483647;
			files = (
				2028939E1E77117A006D3F23 /* avassetReaderUITests.swift in Sources */,
			);
			runOnlyForDeploymentPostprocessing = 0;
		};
/* End PBXSourcesBuildPhase section */

/* Begin PBXTargetDependency section */
		202893901E77117A006D3F23 /* PBXTargetDependency */ = {
			isa = PBXTargetDependency;
			target = 202893761E77117A006D3F23 /* avassetReader */;
			targetProxy = 2028938F1E77117A006D3F23 /* PBXContainerItemProxy */;
		};
		2028939B1E77117A006D3F23 /* PBXTargetDependency */ = {
			isa = PBXTargetDependency;
			target = 202893761E77117A006D3F23 /* avassetReader */;
			targetProxy = 2028939A1E77117A006D3F23 /* PBXContainerItemProxy */;
		};
/* End PBXTargetDependency section */

/* Begin PBXVariantGroup section */
		2028937E1E77117A006D3F23 /* Main.storyboard */ = {
			isa = PBXVariantGroup;
			children = (
				2028937F1E77117A006D3F23 /* Base */,
			);
			name = Main.storyboard;
			sourceTree = "<group>";
		};
		202893861E77117A006D3F23 /* LaunchScreen.storyboard */ = {
			isa = PBXVariantGroup;
			children = (
				202893871E77117A006D3F23 /* Base */,
			);
			name = LaunchScreen.storyboard;
			sourceTree = "<group>";
		};
/* End PBXVariantGroup section */

/* Begin XCBuildConfiguration section */
		202893A01E77117A006D3F23 /* Debug */ = {
			isa = XCBuildConfiguration;
			buildSettings = {
				ALWAYS_SEARCH_USER_PATHS = NO;
				CLANG_ANALYZER_NONNULL = YES;
				CLANG_CXX_LANGUAGE_STANDARD = "gnu++0x";
				CLANG_CXX_LIBRARY = "libc++";
				CLANG_ENABLE_MODULES = YES;
				CLANG_ENABLE_OBJC_ARC = YES;
				CLANG_WARN_BOOL_CONVERSION = YES;
				CLANG_WARN_CONSTANT_CONVERSION = YES;
				CLANG_WARN_DIRECT_OBJC_ISA_USAGE = YES_ERROR;
				CLANG_WARN_DOCUMENTATION_COMMENTS = YES;
				CLANG_WARN_EMPTY_BODY = YES;
				CLANG_WARN_ENUM_CONVERSION = YES;
				CLANG_WARN_INFINITE_RECURSION = YES;
				CLANG_WARN_INT_CONVERSION = YES;
				CLANG_WARN_OBJC_ROOT_CLASS = YES_ERROR;
				CLANG_WARN_SUSPICIOUS_MOVE = YES;
				CLANG_WARN_UNREACHABLE_CODE = YES;
				CLANG_WARN__DUPLICATE_METHOD_MATCH = YES;
				"CODE_SIGN_IDENTITY[sdk=iphoneos*]" = "iPhone Developer";
				COPY_PHASE_STRIP = NO;
				DEBUG_INFORMATION_FORMAT = dwarf;
				ENABLE_STRICT_OBJC_MSGSEND = YES;
				ENABLE_TESTABILITY = YES;
				GCC_C_LANGUAGE_STANDARD = gnu99;
				GCC_DYNAMIC_NO_PIC = NO;
				GCC_NO_COMMON_BLOCKS = YES;
				GCC_OPTIMIZATION_LEVEL = 0;
				GCC_PREPROCESSOR_DEFINITIONS = (
					"DEBUG=1",
					"$(inherited)",
				);
				GCC_WARN_64_TO_32_BIT_CONVERSION = YES;
				GCC_WARN_ABOUT_RETURN_TYPE = YES_ERROR;
				GCC_WARN_UNDECLARED_SELECTOR = YES;
				GCC_WARN_UNINITIALIZED_AUTOS = YES_AGGRESSIVE;
				GCC_WARN_UNUSED_FUNCTION = YES;
				GCC_WARN_UNUSED_VARIABLE = YES;
				IPHONEOS_DEPLOYMENT_TARGET = 10.2;
				MTL_ENABLE_DEBUG_INFO = YES;
				ONLY_ACTIVE_ARCH = YES;
				SDKROOT = iphoneos;
				SWIFT_ACTIVE_COMPILATION_CONDITIONS = DEBUG;
				SWIFT_OPTIMIZATION_LEVEL = "-Onone";
			};
			name = Debug;
		};
		202893A11E77117A006D3F23 /* Release */ = {
			isa = XCBuildConfiguration;
			buildSettings = {
				ALWAYS_SEARCH_USER_PATHS = NO;
				CLANG_ANALYZER_NONNULL = YES;
				CLANG_CXX_LANGUAGE_STANDARD = "gnu++0x";
				CLANG_CXX_LIBRARY = "libc++";
				CLANG_ENABLE_MODULES = YES;
				CLANG_ENABLE_OBJC_ARC = YES;
				CLANG_WARN_BOOL_CONVERSION = YES;
				CLANG_WARN_CONSTANT_CONVERSION = YES;
				CLANG_WARN_DIRECT_OBJC_ISA_USAGE = YES_ERROR;
				CLANG_WARN_DOCUMENTATION_COMMENTS = YES;
				CLANG_WARN_EMPTY_BODY = YES;
				CLANG_WARN_ENUM_CONVERSION = YES;
				CLANG_WARN_INFINITE_RECURSION = YES;
				CLANG_WARN_INT_CONVERSION = YES;
				CLANG_WARN_OBJC_ROOT_CLASS = YES_ERROR;
				CLANG_WARN_SUSPICIOUS_MOVE = YES;
				CLANG_WARN_UNREACHABLE_CODE = YES;
				CLANG_WARN__DUPLICATE_METHOD_MATCH = YES;
				"CODE_SIGN_IDENTITY[sdk=iphoneos*]" = "iPhone Developer";
				COPY_PHASE_STRIP = NO;
				DEBUG_INFORMATION_FORMAT = "dwarf-with-dsym";
				ENABLE_NS_ASSERTIONS = NO;
				ENABLE_STRICT_OBJC_MSGSEND = YES;
				GCC_C_LANGUAGE_STANDARD = gnu99;
				GCC_NO_COMMON_BLOCKS = YES;
				GCC_WARN_64_TO_32_BIT_CONVERSION = YES;
				GCC_WARN_ABOUT_RETURN_TYPE = YES_ERROR;
				GCC_WARN_UNDECLARED_SELECTOR = YES;
				GCC_WARN_UNINITIALIZED_AUTOS = YES_AGGRESSIVE;
				GCC_WARN_UNUSED_FUNCTION = YES;
				GCC_WARN_UNUSED_VARIABLE = YES;
				IPHONEOS_DEPLOYMENT_TARGET = 10.2;
				MTL_ENABLE_DEBUG_INFO = NO;
				SDKROOT = iphoneos;
				SWIFT_OPTIMIZATION_LEVEL = "-Owholemodule";
				VALIDATE_PRODUCT = YES;
			};
			name = Release;
		};
		202893A31E77117A006D3F23 /* Debug */ = {
			isa = XCBuildConfiguration;
			buildSettings = {
				ASSETCATALOG_COMPILER_APPICON_NAME = AppIcon;
				DEVELOPMENT_TEAM = 3YT75377LX;
				INFOPLIST_FILE = avassetReader/Info.plist;
				LD_RUNPATH_SEARCH_PATHS = "$(inherited) @executable_path/Frameworks";
				PRODUCT_BUNDLE_IDENTIFIER = com.miguelDSP.avassetReader;
				PRODUCT_NAME = "$(TARGET_NAME)";
				SWIFT_VERSION = 3.0;
			};
			name = Debug;
		};
		202893A41E77117A006D3F23 /* Release */ = {
			isa = XCBuildConfiguration;
			buildSettings = {
				ASSETCATALOG_COMPILER_APPICON_NAME = AppIcon;
				DEVELOPMENT_TEAM = 3YT75377LX;
				INFOPLIST_FILE = avassetReader/Info.plist;
				LD_RUNPATH_SEARCH_PATHS = "$(inherited) @executable_path/Frameworks";
				PRODUCT_BUNDLE_IDENTIFIER = com.miguelDSP.avassetReader;
				PRODUCT_NAME = "$(TARGET_NAME)";
				SWIFT_VERSION = 3.0;
			};
			name = Release;
		};
		202893A61E77117A006D3F23 /* Debug */ = {
			isa = XCBuildConfiguration;
			buildSettings = {
				ALWAYS_EMBED_SWIFT_STANDARD_LIBRARIES = YES;
				BUNDLE_LOADER = "$(TEST_HOST)";
				DEVELOPMENT_TEAM = 3YT75377LX;
				INFOPLIST_FILE = avassetReaderTests/Info.plist;
				LD_RUNPATH_SEARCH_PATHS = "$(inherited) @executable_path/Frameworks @loader_path/Frameworks";
				PRODUCT_BUNDLE_IDENTIFIER = com.miguelDSP.avassetReaderTests;
				PRODUCT_NAME = "$(TARGET_NAME)";
				SWIFT_VERSION = 3.0;
				TEST_HOST = "$(BUILT_PRODUCTS_DIR)/avassetReader.app/avassetReader";
			};
			name = Debug;
		};
		202893A71E77117A006D3F23 /* Release */ = {
			isa = XCBuildConfiguration;
			buildSettings = {
				ALWAYS_EMBED_SWIFT_STANDARD_LIBRARIES = YES;
				BUNDLE_LOADER = "$(TEST_HOST)";
				DEVELOPMENT_TEAM = 3YT75377LX;
				INFOPLIST_FILE = avassetReaderTests/Info.plist;
				LD_RUNPATH_SEARCH_PATHS = "$(inherited) @executable_path/Frameworks @loader_path/Frameworks";
				PRODUCT_BUNDLE_IDENTIFIER = com.miguelDSP.avassetReaderTests;
				PRODUCT_NAME = "$(TARGET_NAME)";
				SWIFT_VERSION = 3.0;
				TEST_HOST = "$(BUILT_PRODUCTS_DIR)/avassetReader.app/avassetReader";
			};
			name = Release;
		};
		202893A91E77117A006D3F23 /* Debug */ = {
			isa = XCBuildConfiguration;
			buildSettings = {
				ALWAYS_EMBED_SWIFT_STANDARD_LIBRARIES = YES;
				DEVELOPMENT_TEAM = 3YT75377LX;
				INFOPLIST_FILE = avassetReaderUITests/Info.plist;
				LD_RUNPATH_SEARCH_PATHS = "$(inherited) @executable_path/Frameworks @loader_path/Frameworks";
				PRODUCT_BUNDLE_IDENTIFIER = com.miguelDSP.avassetReaderUITests;
				PRODUCT_NAME = "$(TARGET_NAME)";
				SWIFT_VERSION = 3.0;
				TEST_TARGET_NAME = avassetReader;
			};
			name = Debug;
		};
		202893AA1E77117A006D3F23 /* Release */ = {
			isa = XCBuildConfiguration;
			buildSettings = {
				ALWAYS_EMBED_SWIFT_STANDARD_LIBRARIES = YES;
				DEVELOPMENT_TEAM = 3YT75377LX;
				INFOPLIST_FILE = avassetReaderUITests/Info.plist;
				LD_RUNPATH_SEARCH_PATHS = "$(inherited) @executable_path/Frameworks @loader_path/Frameworks";
				PRODUCT_BUNDLE_IDENTIFIER = com.miguelDSP.avassetReaderUITests;
				PRODUCT_NAME = "$(TARGET_NAME)";
				SWIFT_VERSION = 3.0;
				TEST_TARGET_NAME = avassetReader;
			};
			name = Release;
		};
/* End XCBuildConfiguration section */

/* Begin XCConfigurationList section */
		202893721E77117A006D3F23 /* Build configuration list for PBXProject "avassetReader" */ = {
			isa = XCConfigurationList;
			buildConfigurations = (
				202893A01E77117A006D3F23 /* Debug */,
				202893A11E77117A006D3F23 /* Release */,
			);
			defaultConfigurationIsVisible = 0;
			defaultConfigurationName = Release;
		};
		202893A21E77117A006D3F23 /* Build configuration list for PBXNativeTarget "avassetReader" */ = {
			isa = XCConfigurationList;
			buildConfigurations = (
				202893A31E77117A006D3F23 /* Debug */,
				202893A41E77117A006D3F23 /* Release */,
			);
			defaultConfigurationIsVisible = 0;
		};
		202893A51E77117A006D3F23 /* Build configuration list for PBXNativeTarget "avassetReaderTests" */ = {
			isa = XCConfigurationList;
			buildConfigurations = (
				202893A61E77117A006D3F23 /* Debug */,
				202893A71E77117A006D3F23 /* Release */,
			);
			defaultConfigurationIsVisible = 0;
		};
		202893A81E77117A006D3F23 /* Build configuration list for PBXNativeTarget "avassetReaderUITests" */ = {
			isa = XCConfigurationList;
			buildConfigurations = (
				202893A91E77117A006D3F23 /* Debug */,
				202893AA1E77117A006D3F23 /* Release */,
			);
			defaultConfigurationIsVisible = 0;
		};
/* End XCConfigurationList section */

/* Begin XCVersionGroup section */
		202893811E77117A006D3F23 /* avassetReader.xcdatamodeld */ = {
			isa = XCVersionGroup;
			children = (
				202893821E77117A006D3F23 /* avassetReader.xcdatamodel */,
			);
			currentVersion = 202893821E77117A006D3F23 /* avassetReader.xcdatamodel */;
			path = avassetReader.xcdatamodeld;
			sourceTree = "<group>";
			versionGroupType = wrapper.xcdatamodel;
		};
/* End XCVersionGroup section */
	};
	rootObject = 2028936F1E77117A006D3F23 /* Project object */;
}
